{"filter":false,"title":"Gemfile.lock","tooltip":"/Gemfile.lock","undoManager":{"mark":-1,"position":-1,"stack":[]},"ace":{"folds":[],"scrolltop":706.625,"scrollleft":0,"selection":{"start":{"row":74,"column":15},"end":{"row":74,"column":19},"isBackwards":false},"options":{"guessTabSize":true,"useWrapMode":false,"wrapToView":true},"firstLineState":{"row":58,"state":"start","mode":"ace/mode/text"}},"timestamp":1527282350959,"hash":"b867137e4ade78a31d476b9bdd5ccb312eb9f0f8"}